
Microsoft Visual Studio Solution File, Format Version 12.00
# Visual Studio Version 17
VisualStudioVersion = 17.3.32901.215
MinimumVisualStudioVersion = 10.0.40219.1
Project("{8BC9CEB8-8B4A-11D0-8D11-00A0C91BC942}") = "Functions", "Functions.vcxproj", "{3DB9CDA4-4225-41F5-A84E-96B7D64401AF}"
EndProject
Global
	GlobalSection(SolutionConfigurationPlatforms) = preSolution
		Debug|x64 = Debug|x64
		Debug|x86 = Debug|x86
		Release|x64 = Release|x64
		Release|x86 = Release|x86
	EndGlobalSection
	GlobalSection(ProjectConfigurationPlatforms) = postSolution
		{3DB9CDA4-4225-41F5-A84E-96B7D64401AF}.Debug|x64.ActiveCfg = Debug|x64
		{3DB9CDA4-4225-41F5-A84E-96B7D64401AF}.Debug|x64.Build.0 = Debug|x64
		{3DB9CDA4-4225-41F5-A84E-96B7D64401AF}.Debug|x86.ActiveCfg = Debug|Win32
		{3DB9CDA4-4225-41F5-A84E-96B7D64401AF}.Debug|x86.Build.0 = Debug|Win32
		{3DB9CDA4-4225-41F5-A84E-96B7D64401AF}.Release|x64.ActiveCfg = Release|x64
		{3DB9CDA4-4225-41F5-A84E-96B7D64401AF}.Release|x64.Build.0 = Release|x64
		{3DB9CDA4-4225-41F5-A84E-96B7D64401AF}.Release|x86.ActiveCfg = Release|Win32
		{3DB9CDA4-4225-41F5-A84E-96B7D64401AF}.Release|x86.Build.0 = Release|Win32
	EndGlobalSection
	GlobalSection(SolutionProperties) = preSolution
		HideSolutionNode = FALSE
	EndGlobalSection
	GlobalSection(ExtensibilityGlobals) = postSolution
		SolutionGuid = {6456F1D0-1F07-4D41-8E57-9486EC666F46}
	EndGlobalSection
EndGlobal
