
Microsoft Visual Studio Solution File, Format Version 12.00
# Visual Studio Version 17
VisualStudioVersion = 17.3.32901.215
MinimumVisualStudioVersion = 10.0.40219.1
Project("{8BC9CEB8-8B4A-11D0-8D11-00A0C91BC942}") = "Platforms", "Platforms.vcxproj", "{F44108AE-96CC-492F-B90C-FA47E173FA10}"
EndProject
Global
	GlobalSection(SolutionConfigurationPlatforms) = preSolution
		Debug|x64 = Debug|x64
		Debug|x86 = Debug|x86
		Release|x64 = Release|x64
		Release|x86 = Release|x86
	EndGlobalSection
	GlobalSection(ProjectConfigurationPlatforms) = postSolution
		{F44108AE-96CC-492F-B90C-FA47E173FA10}.Debug|x64.ActiveCfg = Debug|x64
		{F44108AE-96CC-492F-B90C-FA47E173FA10}.Debug|x64.Build.0 = Debug|x64
		{F44108AE-96CC-492F-B90C-FA47E173FA10}.Debug|x86.ActiveCfg = Debug|Win32
		{F44108AE-96CC-492F-B90C-FA47E173FA10}.Debug|x86.Build.0 = Debug|Win32
		{F44108AE-96CC-492F-B90C-FA47E173FA10}.Release|x64.ActiveCfg = Release|x64
		{F44108AE-96CC-492F-B90C-FA47E173FA10}.Release|x64.Build.0 = Release|x64
		{F44108AE-96CC-492F-B90C-FA47E173FA10}.Release|x86.ActiveCfg = Release|Win32
		{F44108AE-96CC-492F-B90C-FA47E173FA10}.Release|x86.Build.0 = Release|Win32
	EndGlobalSection
	GlobalSection(SolutionProperties) = preSolution
		HideSolutionNode = FALSE
	EndGlobalSection
	GlobalSection(ExtensibilityGlobals) = postSolution
		SolutionGuid = {C5FE54D9-10C7-4683-AC31-646ACC1F82C8}
	EndGlobalSection
EndGlobal
